// !$*UTF8*$!
{
	archiveVersion = 1;
	classes = {
	};
	objectVersion = 46;
	objects = {

/* Begin PBXBuildFile section */
		C558851013B2BFB100BE0314 /* UIKit.framework in Frameworks */ = {isa = PBXBuildFile; fileRef = C558850F13B2BFB100BE0314 /* UIKit.framework */; };
		C558851213B2BFB100BE0314 /* Foundation.framework in Frameworks */ = {isa = PBXBuildFile; fileRef = C558851113B2BFB100BE0314 /* Foundation.framework */; };
		C558851413B2BFB100BE0314 /* CoreGraphics.framework in Frameworks */ = {isa = PBXBuildFile; fileRef = C558851313B2BFB100BE0314 /* CoreGraphics.framework */; };
		C558851A13B2BFB100BE0314 /* InfoPlist.strings in Resources */ = {isa = PBXBuildFile; fileRef = C558851813B2BFB100BE0314 /* InfoPlist.strings */; };
		C558851C13B2BFB100BE0314 /* main.m in Sources */ = {isa = PBXBuildFile; fileRef = C558851B13B2BFB100BE0314 /* main.m */; };
		C558852013B2BFB100BE0314 /* ScratchAppAppDelegate.m in Sources */ = {isa = PBXBuildFile; fileRef = C558851F13B2BFB100BE0314 /* ScratchAppAppDelegate.m */; };
		C558852C13B2CBFD00BE0314 /* RootViewController.m in Sources */ = {isa = PBXBuildFile; fileRef = C558852B13B2CBFD00BE0314 /* RootViewController.m */; };
/* End PBXBuildFile section */

/* Begin PBXFileReference section */
		C558850B13B2BFB100BE0314 /* ScratchApp.app */ = {isa = PBXFileReference; explicitFileType = wrapper.application; includeInIndex = 0; path = ScratchApp.app; sourceTree = BUILT_PRODUCTS_DIR; };
		C558850F13B2BFB100BE0314 /* UIKit.framework */ = {isa = PBXFileReference; lastKnownFileType = wrapper.framework; name = UIKit.framework; path = System/Library/Frameworks/UIKit.framework; sourceTree = SDKROOT; };
		C558851113B2BFB100BE0314 /* Foundation.framework */ = {isa = PBXFileReference; lastKnownFileType = wrapper.framework; name = Foundation.framework; path = System/Library/Frameworks/Foundation.framework; sourceTree = SDKROOT; };
		C558851313B2BFB100BE0314 /* CoreGraphics.framework */ = {isa = PBXFileReference; lastKnownFileType = wrapper.framework; name = CoreGraphics.framework; path = System/Library/Frameworks/CoreGraphics.framework; sourceTree = SDKROOT; };
		C558851713B2BFB100BE0314 /* ScratchApp-Info.plist */ = {isa = PBXFileReference; lastKnownFileType = text.plist.xml; path = "ScratchApp-Info.plist"; sourceTree = "<group>"; };
		C558851913B2BFB100BE0314 /* en */ = {isa = PBXFileReference; lastKnownFileType = text.plist.strings; name = en; path = en.lproj/InfoPlist.strings; sourceTree = "<group>"; };
		C558851B13B2BFB100BE0314 /* main.m */ = {isa = PBXFileReference; lastKnownFileType = sourcecode.c.objc; path = main.m; sourceTree = "<group>"; };
		C558851D13B2BFB100BE0314 /* ScratchApp-Prefix.pch */ = {isa = PBXFileReference; lastKnownFileType = sourcecode.c.h; path = "ScratchApp-Prefix.pch"; sourceTree = "<group>"; };
		C558851E13B2BFB100BE0314 /* ScratchAppAppDelegate.h */ = {isa = PBXFileReference; lastKnownFileType = sourcecode.c.h; path = ScratchAppAppDelegate.h; sourceTree = "<group>"; };
		C558851F13B2BFB100BE0314 /* ScratchAppAppDelegate.m */ = {isa = PBXFileReference; lastKnownFileType = sourcecode.c.objc; path = ScratchAppAppDelegate.m; sourceTree = "<group>"; };
		C558852A13B2CBFD00BE0314 /* RootViewController.h */ = {isa = PBXFileReference; fileEncoding = 4; lastKnownFileType = sourcecode.c.h; path = RootViewController.h; sourceTree = "<group>"; };
		C558852B13B2CBFD00BE0314 /* RootViewController.m */ = {isa = PBXFileReference; fileEncoding = 4; lastKnownFileType = sourcecode.c.objc; path = RootViewController.m; sourceTree = "<group>"; };
/* End PBXFileReference section */

/* Begin PBXFrameworksBuildPhase section */
		C558850813B2BFB100BE0314 /* Frameworks */ = {
			isa = PBXFrameworksBuildPhase;
			buildActionMask = 2147483647;
			files = (
				C558851013B2BFB100BE0314 /* UIKit.framework in Frameworks */,
				C558851213B2BFB100BE0314 /* Foundation.framework in Frameworks */,
				C558851413B2BFB100BE0314 /* CoreGraphics.framework in Frameworks */,
			);
			runOnlyForDeploymentPostprocessing = 0;
		};
/* End PBXFrameworksBuildPhase section */

/* Begin PBXGroup section */
		C558850013B2BFB100BE0314 = {
			isa = PBXGroup;
			children = (
				C558851513B2BFB100BE0314 /* ScratchApp */,
				C558850E13B2BFB100BE0314 /* Frameworks */,
				C558850C13B2BFB100BE0314 /* Products */,
			);
			sourceTree = "<group>";
		};
		C558850C13B2BFB100BE0314 /* Products */ = {
			isa = PBXGroup;
			children = (
				C558850B13B2BFB100BE0314 /* ScratchApp.app */,
			);
			name = Products;
			sourceTree = "<group>";
		};
		C558850E13B2BFB100BE0314 /* Frameworks */ = {
			isa = PBXGroup;
			children = (
				C558850F13B2BFB100BE0314 /* UIKit.framework */,
				C558851113B2BFB100BE0314 /* Foundation.framework */,
				C558851313B2BFB100BE0314 /* CoreGraphics.framework */,
			);
			name = Frameworks;
			sourceTree = "<group>";
		};
		C558851513B2BFB100BE0314 /* ScratchApp */ = {
			isa = PBXGroup;
			children = (
				C558851E13B2BFB100BE0314 /* ScratchAppAppDelegate.h */,
				C558851F13B2BFB100BE0314 /* ScratchAppAppDelegate.m */,
				C558852913B2C2B900BE0314 /* Models */,
				C558852813B2C2AB00BE0314 /* Views */,
				C558852713B2C29C00BE0314 /* ViewControllers */,
				C558852613B2C28D00BE0314 /* Vendor */,
				C558851613B2BFB100BE0314 /* Supporting Files */,
			);
			path = ScratchApp;
			sourceTree = "<group>";
		};
		C558851613B2BFB100BE0314 /* Supporting Files */ = {
			isa = PBXGroup;
			children = (
				C558851713B2BFB100BE0314 /* ScratchApp-Info.plist */,
				C558851813B2BFB100BE0314 /* InfoPlist.strings */,
				C558851B13B2BFB100BE0314 /* main.m */,
				C558851D13B2BFB100BE0314 /* ScratchApp-Prefix.pch */,
			);
			name = "Supporting Files";
			sourceTree = "<group>";
		};
		C558852613B2C28D00BE0314 /* Vendor */ = {
			isa = PBXGroup;
			children = (
			);
			name = Vendor;
			sourceTree = "<group>";
		};
		C558852713B2C29C00BE0314 /* ViewControllers */ = {
			isa = PBXGroup;
			children = (
				C558852A13B2CBFD00BE0314 /* RootViewController.h */,
				C558852B13B2CBFD00BE0314 /* RootViewController.m */,
			);
			name = ViewControllers;
			sourceTree = "<group>";
		};
		C558852813B2C2AB00BE0314 /* Views */ = {
			isa = PBXGroup;
			children = (
			);
			name = Views;
			sourceTree = "<group>";
		};
		C558852913B2C2B900BE0314 /* Models */ = {
			isa = PBXGroup;
			children = (
			);
			name = Models;
			sourceTree = "<group>";
		};
/* End PBXGroup section */

/* Begin PBXNativeTarget section */
		C558850A13B2BFB100BE0314 /* ScratchApp */ = {
			isa = PBXNativeTarget;
			buildConfigurationList = C558852313B2BFB100BE0314 /* Build configuration list for PBXNativeTarget "ScratchApp" */;
			buildPhases = (
				C558850713B2BFB100BE0314 /* Sources */,
				C558850813B2BFB100BE0314 /* Frameworks */,
				C558850913B2BFB100BE0314 /* Resources */,
			);
			buildRules = (
			);
			dependencies = (
			);
			name = ScratchApp;
			productName = ScratchApp;
			productReference = C558850B13B2BFB100BE0314 /* ScratchApp.app */;
			productType = "com.apple.product-type.application";
		};
/* End PBXNativeTarget section */

/* Begin PBXProject section */
		C558850213B2BFB100BE0314 /* Project object */ = {
			isa = PBXProject;
			buildConfigurationList = C558850513B2BFB100BE0314 /* Build configuration list for PBXProject "ScratchApp" */;
			compatibilityVersion = "Xcode 3.2";
			developmentRegion = English;
			hasScannedForEncodings = 0;
			knownRegions = (
				en,
			);
			mainGroup = C558850013B2BFB100BE0314;
			productRefGroup = C558850C13B2BFB100BE0314 /* Products */;
			projectDirPath = "";
			projectRoot = "";
			targets = (
				C558850A13B2BFB100BE0314 /* ScratchApp */,
			);
		};
/* End PBXProject section */

/* Begin PBXResourcesBuildPhase section */
		C558850913B2BFB100BE0314 /* Resources */ = {
			isa = PBXResourcesBuildPhase;
			buildActionMask = 2147483647;
			files = (
				C558851A13B2BFB100BE0314 /* InfoPlist.strings in Resources */,
			);
			runOnlyForDeploymentPostprocessing = 0;
		};
/* End PBXResourcesBuildPhase section */

/* Begin PBXSourcesBuildPhase section */
		C558850713B2BFB100BE0314 /* Sources */ = {
			isa = PBXSourcesBuildPhase;
			buildActionMask = 2147483647;
			files = (
				C558851C13B2BFB100BE0314 /* main.m in Sources */,
				C558852013B2BFB100BE0314 /* ScratchAppAppDelegate.m in Sources */,
				C558852C13B2CBFD00BE0314 /* RootViewController.m in Sources */,
			);
			runOnlyForDeploymentPostprocessing = 0;
		};
/* End PBXSourcesBuildPhase section */

/* Begin PBXVariantGroup section */
		C558851813B2BFB100BE0314 /* InfoPlist.strings */ = {
			isa = PBXVariantGroup;
			children = (
				C558851913B2BFB100BE0314 /* en */,
			);
			name = InfoPlist.strings;
			sourceTree = "<group>";
		};
/* End PBXVariantGroup section */

/* Begin XCBuildConfiguration section */
		C558852113B2BFB100BE0314 /* Debug */ = {
			isa = XCBuildConfiguration;
			buildSettings = {
				ALWAYS_SEARCH_USER_PATHS = NO;
				ARCHS = "$(ARCHS_STANDARD_32_BIT)";
				CLANG_ENABLE_OBJC_ARC = YES;
				"CODE_SIGN_IDENTITY[sdk=iphoneos*]" = "iPhone Developer";
				COPY_PHASE_STRIP = NO;
				GCC_C_LANGUAGE_STANDARD = gnu99;
				GCC_DYNAMIC_NO_PIC = NO;
				GCC_OPTIMIZATION_LEVEL = 0;
				GCC_PREPROCESSOR_DEFINITIONS = (
					"DEBUG=1",
					"$(inherited)",
				);
				GCC_SYMBOLS_PRIVATE_EXTERN = NO;
				GCC_VERSION = com.apple.compilers.llvm.clang.1_0;
				GCC_WARN_ABOUT_MISSING_PROTOTYPES = YES;
				GCC_WARN_ABOUT_RETURN_TYPE = YES;
				GCC_WARN_UNUSED_VARIABLE = YES;
				IPHONEOS_DEPLOYMENT_TARGET = 5.0;
				SDKROOT = iphoneos;
				TARGETED_DEVICE_FAMILY = "1,2";
			};
			name = Debug;
		};
		C558852213B2BFB100BE0314 /* Release */ = {
			isa = XCBuildConfiguration;
			buildSettings = {
				ALWAYS_SEARCH_USER_PATHS = NO;
				ARCHS = "$(ARCHS_STANDARD_32_BIT)";
				CLANG_ENABLE_OBJC_ARC = YES;
				"CODE_SIGN_IDENTITY[sdk=iphoneos*]" = "iPhone Developer";
				COPY_PHASE_STRIP = YES;
				GCC_C_LANGUAGE_STANDARD = gnu99;
				GCC_VERSION = com.apple.compilers.llvm.clang.1_0;
				GCC_WARN_ABOUT_MISSING_PROTOTYPES = YES;
				GCC_WARN_ABOUT_RETURN_TYPE = YES;
				GCC_WARN_UNUSED_VARIABLE = YES;
				IPHONEOS_DEPLOYMENT_TARGET = 5.0;
				OTHER_CFLAGS = "-DNS_BLOCK_ASSERTIONS=1";
				SDKROOT = iphoneos;
				TARGETED_DEVICE_FAMILY = "1,2";
				VALIDATE_PRODUCT = YES;
			};
			name = Release;
		};
		C558852413B2BFB100BE0314 /* Debug */ = {
			isa = XCBuildConfiguration;
			buildSettings = {
				GCC_PRECOMPILE_PREFIX_HEADER = YES;
				GCC_PREFIX_HEADER = "ScratchApp/ScratchApp-Prefix.pch";
				INFOPLIST_FILE = "ScratchApp/ScratchApp-Info.plist";
				PRODUCT_NAME = "$(TARGET_NAME)";
				WRAPPER_EXTENSION = app;
			};
			name = Debug;
		};
		C558852513B2BFB100BE0314 /* Release */ = {
			isa = XCBuildConfiguration;
			buildSettings = {
				GCC_PRECOMPILE_PREFIX_HEADER = YES;
				GCC_PREFIX_HEADER = "ScratchApp/ScratchApp-Prefix.pch";
				INFOPLIST_FILE = "ScratchApp/ScratchApp-Info.plist";
				PRODUCT_NAME = "$(TARGET_NAME)";
				WRAPPER_EXTENSION = app;
			};
			name = Release;
		};
/* End XCBuildConfiguration section */

/* Begin XCConfigurationList section */
		C558850513B2BFB100BE0314 /* Build configuration list for PBXProject "ScratchApp" */ = {
			isa = XCConfigurationList;
			buildConfigurations = (
				C558852113B2BFB100BE0314 /* Debug */,
				C558852213B2BFB100BE0314 /* Release */,
			);
			defaultConfigurationIsVisible = 0;
			defaultConfigurationName = Release;
		};
		C558852313B2BFB100BE0314 /* Build configuration list for PBXNativeTarget "ScratchApp" */ = {
			isa = XCConfigurationList;
			buildConfigurations = (
				C558852413B2BFB100BE0314 /* Debug */,
				C558852513B2BFB100BE0314 /* Release */,
			);
			defaultConfigurationIsVisible = 0;
		};
/* End XCConfigurationList section */
	};
	rootObject = C558850213B2BFB100BE0314 /* Project object */;
}
